
Microsoft Visual Studio Solution File, Format Version 12.00
# Visual Studio Version 17
VisualStudioVersion = 17.0.31903.59
MinimumVisualStudioVersion = 10.0.40219.1
Project("{2150E333-8FDC-42A3-9474-1A3956D46DE8}") = "src", "src", "{32C0F951-689D-4702-BC50-3E2EC3F8F6F0}"
EndProject
Project("{FAE04EC0-301F-11D3-BF4B-00C04F79EFBC}") = "LinkKeys.LocalRp", "src\LinkKeys.LocalRp\LinkKeys.LocalRp.csproj", "{CEA63D44-095F-455C-8256-7A0ECFC6B488}"
EndProject
Project("{2150E333-8FDC-42A3-9474-1A3956D46DE8}") = "tests", "tests", "{85A2618B-ED19-4209-8268-B5A8B528FCEA}"
EndProject
Project("{FAE04EC0-301F-11D3-BF4B-00C04F79EFBC}") = "LinkKeys.LocalRp.Tests", "tests\LinkKeys.LocalRp.Tests\LinkKeys.LocalRp.Tests.csproj", "{6FFB0047-FD5B-459F-80AC-491170B9EE4F}"
EndProject
Global
	GlobalSection(SolutionConfigurationPlatforms) = preSolution
		Debug|Any CPU = Debug|Any CPU
		Release|Any CPU = Release|Any CPU
	EndGlobalSection
	GlobalSection(SolutionProperties) = preSolution
		HideSolutionNode = FALSE
	EndGlobalSection
	GlobalSection(ProjectConfigurationPlatforms) = postSolution
		{CEA63D44-095F-455C-8256-7A0ECFC6B488}.Debug|Any CPU.ActiveCfg = Debug|Any CPU
		{CEA63D44-095F-455C-8256-7A0ECFC6B488}.Debug|Any CPU.Build.0 = Debug|Any CPU
		{CEA63D44-095F-455C-8256-7A0ECFC6B488}.Release|Any CPU.ActiveCfg = Release|Any CPU
		{CEA63D44-095F-455C-8256-7A0ECFC6B488}.Release|Any CPU.Build.0 = Release|Any CPU
		{6FFB0047-FD5B-459F-80AC-491170B9EE4F}.Debug|Any CPU.ActiveCfg = Debug|Any CPU
		{6FFB0047-FD5B-459F-80AC-491170B9EE4F}.Debug|Any CPU.Build.0 = Debug|Any CPU
		{6FFB0047-FD5B-459F-80AC-491170B9EE4F}.Release|Any CPU.ActiveCfg = Release|Any CPU
		{6FFB0047-FD5B-459F-80AC-491170B9EE4F}.Release|Any CPU.Build.0 = Release|Any CPU
	EndGlobalSection
	GlobalSection(NestedProjects) = preSolution
		{CEA63D44-095F-455C-8256-7A0ECFC6B488} = {32C0F951-689D-4702-BC50-3E2EC3F8F6F0}
		{6FFB0047-FD5B-459F-80AC-491170B9EE4F} = {85A2618B-ED19-4209-8268-B5A8B528FCEA}
	EndGlobalSection
EndGlobal
